
Microsoft Visual Studio Solution File, Format Version 12.00
# Visual Studio 14
VisualStudioVersion = 14.0.25420.1
MinimumVisualStudioVersion = 10.0.40219.1
Project("{FAE04EC0-301F-11D3-BF4B-00C04F79EFBC}") = "ProjectMemphis.Data", "ProjectMemphis.Data\ProjectMemphis.Data.csproj", "{C7CFE8D1-78E6-4D49-9F7D-817D16A07919}"
EndProject
Project("{FAE04EC0-301F-11D3-BF4B-00C04F79EFBC}") = "ProjectMemphis.StoryEditor", "ProjectMemphis.StoryEditor\ProjectMemphis.StoryEditor.csproj", "{DB8B6A63-80E6-41FD-8D9B-20FB126CD803}"
EndProject
Project("{FAE04EC0-301F-11D3-BF4B-00C04F79EFBC}") = "ProjectMemphis.Data.Tests", "ProjectMemphis.Data.Tests\ProjectMemphis.Data.Tests.csproj", "{F2C55EC9-3A7C-4F78-9376-254A26F9D118}"
EndProject
Project("{FAE04EC0-301F-11D3-BF4B-00C04F79EFBC}") = "ProjectMemphis.Api", "ProjectMemphis.Api\ProjectMemphis.Api.csproj", "{5E7915B7-DEC3-45D6-ABA2-3F95DD3C07B8}"
EndProject
Project("{FAE04EC0-301F-11D3-BF4B-00C04F79EFBC}") = "ProjectMemphis.Bot", "ProjectMemphis.Bot\ProjectMemphis.Bot.csproj", "{A8BA1066-5695-4D71-ABB4-65E5A5E0C3D4}"
EndProject
Project("{FAE04EC0-301F-11D3-BF4B-00C04F79EFBC}") = "ProjectMemphis.Api.Client", "ProjectMemphis.Api.Client\ProjectMemphis.Api.Client.csproj", "{CC9E4AD4-83BA-400A-AF45-10E26681BB82}"
EndProject
Project("{FAE04EC0-301F-11D3-BF4B-00C04F79EFBC}") = "OneFlow", "OneFlow\OneFlow.csproj", "{B2CBA185-4307-41FF-B9FF-481C1EED4A9E}"
EndProject
Project("{FAE04EC0-301F-11D3-BF4B-00C04F79EFBC}") = "OneFlow.Tests", "OneFlow.Tests\OneFlow.Tests.csproj", "{A22202D3-360E-44E8-B0D4-604906855FF8}"
EndProject
Project("{2150E333-8FDC-42A3-9474-1A3956D46DE8}") = "Tests", "Tests", "{8D306C4D-ED47-4346-BCA1-AF38A7D22C91}"
EndProject
Project("{FAE04EC0-301F-11D3-BF4B-00C04F79EFBC}") = "ProjectMemphis.Bot.Tests", "ProjectMemphis.Bot.Tests\ProjectMemphis.Bot.Tests.csproj", "{1989C932-DB4E-4F75-A7F6-A453E10024F8}"
EndProject
Global
	GlobalSection(SolutionConfigurationPlatforms) = preSolution
		Debug|Any CPU = Debug|Any CPU
		Debug|ARM = Debug|ARM
		Debug|x64 = Debug|x64
		Debug|x86 = Debug|x86
		Release|Any CPU = Release|Any CPU
		Release|ARM = Release|ARM
		Release|x64 = Release|x64
		Release|x86 = Release|x86
	EndGlobalSection
	GlobalSection(ProjectConfigurationPlatforms) = postSolution
		{C7CFE8D1-78E6-4D49-9F7D-817D16A07919}.Debug|Any CPU.ActiveCfg = Debug|Any CPU
		{C7CFE8D1-78E6-4D49-9F7D-817D16A07919}.Debug|Any CPU.Build.0 = Debug|Any CPU
		{C7CFE8D1-78E6-4D49-9F7D-817D16A07919}.Debug|ARM.ActiveCfg = Debug|Any CPU
		{C7CFE8D1-78E6-4D49-9F7D-817D16A07919}.Debug|ARM.Build.0 = Debug|Any CPU
		{C7CFE8D1-78E6-4D49-9F7D-817D16A07919}.Debug|x64.ActiveCfg = Debug|Any CPU
		{C7CFE8D1-78E6-4D49-9F7D-817D16A07919}.Debug|x64.Build.0 = Debug|Any CPU
		{C7CFE8D1-78E6-4D49-9F7D-817D16A07919}.Debug|x86.ActiveCfg = Debug|Any CPU
		{C7CFE8D1-78E6-4D49-9F7D-817D16A07919}.Debug|x86.Build.0 = Debug|Any CPU
		{C7CFE8D1-78E6-4D49-9F7D-817D16A07919}.Release|Any CPU.ActiveCfg = Release|Any CPU
		{C7CFE8D1-78E6-4D49-9F7D-817D16A07919}.Release|Any CPU.Build.0 = Release|Any CPU
		{C7CFE8D1-78E6-4D49-9F7D-817D16A07919}.Release|ARM.ActiveCfg = Release|Any CPU
		{C7CFE8D1-78E6-4D49-9F7D-817D16A07919}.Release|ARM.Build.0 = Release|Any CPU
		{C7CFE8D1-78E6-4D49-9F7D-817D16A07919}.Release|x64.ActiveCfg = Release|Any CPU
		{C7CFE8D1-78E6-4D49-9F7D-817D16A07919}.Release|x64.Build.0 = Release|Any CPU
		{C7CFE8D1-78E6-4D49-9F7D-817D16A07919}.Release|x86.ActiveCfg = Release|Any CPU
		{C7CFE8D1-78E6-4D49-9F7D-817D16A07919}.Release|x86.Build.0 = Release|Any CPU
		{DB8B6A63-80E6-41FD-8D9B-20FB126CD803}.Debug|Any CPU.ActiveCfg = Debug|x86
		{DB8B6A63-80E6-41FD-8D9B-20FB126CD803}.Debug|Any CPU.Build.0 = Debug|x86
		{DB8B6A63-80E6-41FD-8D9B-20FB126CD803}.Debug|Any CPU.Deploy.0 = Debug|x86
		{DB8B6A63-80E6-41FD-8D9B-20FB126CD803}.Debug|ARM.ActiveCfg = Debug|ARM
		{DB8B6A63-80E6-41FD-8D9B-20FB126CD803}.Debug|ARM.Build.0 = Debug|ARM
		{DB8B6A63-80E6-41FD-8D9B-20FB126CD803}.Debug|ARM.Deploy.0 = Debug|ARM
		{DB8B6A63-80E6-41FD-8D9B-20FB126CD803}.Debug|x64.ActiveCfg = Debug|x64
		{DB8B6A63-80E6-41FD-8D9B-20FB126CD803}.Debug|x64.Build.0 = Debug|x64
		{DB8B6A63-80E6-41FD-8D9B-20FB126CD803}.Debug|x64.Deploy.0 = Debug|x64
		{DB8B6A63-80E6-41FD-8D9B-20FB126CD803}.Debug|x86.ActiveCfg = Debug|x86
		{DB8B6A63-80E6-41FD-8D9B-20FB126CD803}.Debug|x86.Build.0 = Debug|x86
		{DB8B6A63-80E6-41FD-8D9B-20FB126CD803}.Debug|x86.Deploy.0 = Debug|x86
		{DB8B6A63-80E6-41FD-8D9B-20FB126CD803}.Release|Any CPU.ActiveCfg = Release|x86
		{DB8B6A63-80E6-41FD-8D9B-20FB126CD803}.Release|ARM.ActiveCfg = Release|ARM
		{DB8B6A63-80E6-41FD-8D9B-20FB126CD803}.Release|ARM.Build.0 = Release|ARM
		{DB8B6A63-80E6-41FD-8D9B-20FB126CD803}.Release|ARM.Deploy.0 = Release|ARM
		{DB8B6A63-80E6-41FD-8D9B-20FB126CD803}.Release|x64.ActiveCfg = Release|x64
		{DB8B6A63-80E6-41FD-8D9B-20FB126CD803}.Release|x64.Build.0 = Release|x64
		{DB8B6A63-80E6-41FD-8D9B-20FB126CD803}.Release|x64.Deploy.0 = Release|x64
		{DB8B6A63-80E6-41FD-8D9B-20FB126CD803}.Release|x86.ActiveCfg = Release|x86
		{DB8B6A63-80E6-41FD-8D9B-20FB126CD803}.Release|x86.Build.0 = Release|x86
		{DB8B6A63-80E6-41FD-8D9B-20FB126CD803}.Release|x86.Deploy.0 = Release|x86
		{F2C55EC9-3A7C-4F78-9376-254A26F9D118}.Debug|Any CPU.ActiveCfg = Debug|Any CPU
		{F2C55EC9-3A7C-4F78-9376-254A26F9D118}.Debug|Any CPU.Build.0 = Debug|Any CPU
		{F2C55EC9-3A7C-4F78-9376-254A26F9D118}.Debug|ARM.ActiveCfg = Debug|Any CPU
		{F2C55EC9-3A7C-4F78-9376-254A26F9D118}.Debug|ARM.Build.0 = Debug|Any CPU
		{F2C55EC9-3A7C-4F78-9376-254A26F9D118}.Debug|x64.ActiveCfg = Debug|Any CPU
		{F2C55EC9-3A7C-4F78-9376-254A26F9D118}.Debug|x64.Build.0 = Debug|Any CPU
		{F2C55EC9-3A7C-4F78-9376-254A26F9D118}.Debug|x86.ActiveCfg = Debug|Any CPU
		{F2C55EC9-3A7C-4F78-9376-254A26F9D118}.Debug|x86.Build.0 = Debug|Any CPU
		{F2C55EC9-3A7C-4F78-9376-254A26F9D118}.Release|Any CPU.ActiveCfg = Release|Any CPU
		{F2C55EC9-3A7C-4F78-9376-254A26F9D118}.Release|Any CPU.Build.0 = Release|Any CPU
		{F2C55EC9-3A7C-4F78-9376-254A26F9D118}.Release|ARM.ActiveCfg = Release|Any CPU
		{F2C55EC9-3A7C-4F78-9376-254A26F9D118}.Release|ARM.Build.0 = Release|Any CPU
		{F2C55EC9-3A7C-4F78-9376-254A26F9D118}.Release|x64.ActiveCfg = Release|Any CPU
		{F2C55EC9-3A7C-4F78-9376-254A26F9D118}.Release|x64.Build.0 = Release|Any CPU
		{F2C55EC9-3A7C-4F78-9376-254A26F9D118}.Release|x86.ActiveCfg = Release|Any CPU
		{F2C55EC9-3A7C-4F78-9376-254A26F9D118}.Release|x86.Build.0 = Release|Any CPU
		{5E7915B7-DEC3-45D6-ABA2-3F95DD3C07B8}.Debug|Any CPU.ActiveCfg = Debug|Any CPU
		{5E7915B7-DEC3-45D6-ABA2-3F95DD3C07B8}.Debug|Any CPU.Build.0 = Debug|Any CPU
		{5E7915B7-DEC3-45D6-ABA2-3F95DD3C07B8}.Debug|ARM.ActiveCfg = Debug|Any CPU
		{5E7915B7-DEC3-45D6-ABA2-3F95DD3C07B8}.Debug|ARM.Build.0 = Debug|Any CPU
		{5E7915B7-DEC3-45D6-ABA2-3F95DD3C07B8}.Debug|x64.ActiveCfg = Debug|Any CPU
		{5E7915B7-DEC3-45D6-ABA2-3F95DD3C07B8}.Debug|x64.Build.0 = Debug|Any CPU
		{5E7915B7-DEC3-45D6-ABA2-3F95DD3C07B8}.Debug|x86.ActiveCfg = Debug|Any CPU
		{5E7915B7-DEC3-45D6-ABA2-3F95DD3C07B8}.Debug|x86.Build.0 = Debug|Any CPU
		{5E7915B7-DEC3-45D6-ABA2-3F95DD3C07B8}.Release|Any CPU.ActiveCfg = Release|Any CPU
		{5E7915B7-DEC3-45D6-ABA2-3F95DD3C07B8}.Release|Any CPU.Build.0 = Release|Any CPU
		{5E7915B7-DEC3-45D6-ABA2-3F95DD3C07B8}.Release|ARM.ActiveCfg = Release|Any CPU
		{5E7915B7-DEC3-45D6-ABA2-3F95DD3C07B8}.Release|ARM.Build.0 = Release|Any CPU
		{5E7915B7-DEC3-45D6-ABA2-3F95DD3C07B8}.Release|x64.ActiveCfg = Release|Any CPU
		{5E7915B7-DEC3-45D6-ABA2-3F95DD3C07B8}.Release|x64.Build.0 = Release|Any CPU
		{5E7915B7-DEC3-45D6-ABA2-3F95DD3C07B8}.Release|x86.ActiveCfg = Release|Any CPU
		{5E7915B7-DEC3-45D6-ABA2-3F95DD3C07B8}.Release|x86.Build.0 = Release|Any CPU
		{A8BA1066-5695-4D71-ABB4-65E5A5E0C3D4}.Debug|Any CPU.ActiveCfg = Debug|Any CPU
		{A8BA1066-5695-4D71-ABB4-65E5A5E0C3D4}.Debug|Any CPU.Build.0 = Debug|Any CPU
		{A8BA1066-5695-4D71-ABB4-65E5A5E0C3D4}.Debug|ARM.ActiveCfg = Debug|Any CPU
		{A8BA1066-5695-4D71-ABB4-65E5A5E0C3D4}.Debug|ARM.Build.0 = Debug|Any CPU
		{A8BA1066-5695-4D71-ABB4-65E5A5E0C3D4}.Debug|x64.ActiveCfg = Debug|Any CPU
		{A8BA1066-5695-4D71-ABB4-65E5A5E0C3D4}.Debug|x64.Build.0 = Debug|Any CPU
		{A8BA1066-5695-4D71-ABB4-65E5A5E0C3D4}.Debug|x86.ActiveCfg = Debug|Any CPU
		{A8BA1066-5695-4D71-ABB4-65E5A5E0C3D4}.Debug|x86.Build.0 = Debug|Any CPU
		{A8BA1066-5695-4D71-ABB4-65E5A5E0C3D4}.Release|Any CPU.ActiveCfg = Release|Any CPU
		{A8BA1066-5695-4D71-ABB4-65E5A5E0C3D4}.Release|Any CPU.Build.0 = Release|Any CPU
		{A8BA1066-5695-4D71-ABB4-65E5A5E0C3D4}.Release|ARM.ActiveCfg = Release|Any CPU
		{A8BA1066-5695-4D71-ABB4-65E5A5E0C3D4}.Release|ARM.Build.0 = Release|Any CPU
		{A8BA1066-5695-4D71-ABB4-65E5A5E0C3D4}.Release|x64.ActiveCfg = Release|Any CPU
		{A8BA1066-5695-4D71-ABB4-65E5A5E0C3D4}.Release|x64.Build.0 = Release|Any CPU
		{A8BA1066-5695-4D71-ABB4-65E5A5E0C3D4}.Release|x86.ActiveCfg = Release|Any CPU
		{A8BA1066-5695-4D71-ABB4-65E5A5E0C3D4}.Release|x86.Build.0 = Release|Any CPU
		{CC9E4AD4-83BA-400A-AF45-10E26681BB82}.Debug|Any CPU.ActiveCfg = Debug|Any CPU
		{CC9E4AD4-83BA-400A-AF45-10E26681BB82}.Debug|Any CPU.Build.0 = Debug|Any CPU
		{CC9E4AD4-83BA-400A-AF45-10E26681BB82}.Debug|ARM.ActiveCfg = Debug|Any CPU
		{CC9E4AD4-83BA-400A-AF45-10E26681BB82}.Debug|ARM.Build.0 = Debug|Any CPU
		{CC9E4AD4-83BA-400A-AF45-10E26681BB82}.Debug|x64.ActiveCfg = Debug|Any CPU
		{CC9E4AD4-83BA-400A-AF45-10E26681BB82}.Debug|x64.Build.0 = Debug|Any CPU
		{CC9E4AD4-83BA-400A-AF45-10E26681BB82}.Debug|x86.ActiveCfg = Debug|Any CPU
		{CC9E4AD4-83BA-400A-AF45-10E26681BB82}.Debug|x86.Build.0 = Debug|Any CPU
		{CC9E4AD4-83BA-400A-AF45-10E26681BB82}.Release|Any CPU.ActiveCfg = Release|Any CPU
		{CC9E4AD4-83BA-400A-AF45-10E26681BB82}.Release|Any CPU.Build.0 = Release|Any CPU
		{CC9E4AD4-83BA-400A-AF45-10E26681BB82}.Release|ARM.ActiveCfg = Release|Any CPU
		{CC9E4AD4-83BA-400A-AF45-10E26681BB82}.Release|ARM.Build.0 = Release|Any CPU
		{CC9E4AD4-83BA-400A-AF45-10E26681BB82}.Release|x64.ActiveCfg = Release|Any CPU
		{CC9E4AD4-83BA-400A-AF45-10E26681BB82}.Release|x64.Build.0 = Release|Any CPU
		{CC9E4AD4-83BA-400A-AF45-10E26681BB82}.Release|x86.ActiveCfg = Release|Any CPU
		{CC9E4AD4-83BA-400A-AF45-10E26681BB82}.Release|x86.Build.0 = Release|Any CPU
		{B2CBA185-4307-41FF-B9FF-481C1EED4A9E}.Debug|Any CPU.ActiveCfg = Debug|Any CPU
		{B2CBA185-4307-41FF-B9FF-481C1EED4A9E}.Debug|Any CPU.Build.0 = Debug|Any CPU
		{B2CBA185-4307-41FF-B9FF-481C1EED4A9E}.Debug|ARM.ActiveCfg = Debug|Any CPU
		{B2CBA185-4307-41FF-B9FF-481C1EED4A9E}.Debug|ARM.Build.0 = Debug|Any CPU
		{B2CBA185-4307-41FF-B9FF-481C1EED4A9E}.Debug|x64.ActiveCfg = Debug|Any CPU
		{B2CBA185-4307-41FF-B9FF-481C1EED4A9E}.Debug|x64.Build.0 = Debug|Any CPU
		{B2CBA185-4307-41FF-B9FF-481C1EED4A9E}.Debug|x86.ActiveCfg = Debug|Any CPU
		{B2CBA185-4307-41FF-B9FF-481C1EED4A9E}.Debug|x86.Build.0 = Debug|Any CPU
		{B2CBA185-4307-41FF-B9FF-481C1EED4A9E}.Release|Any CPU.ActiveCfg = Release|Any CPU
		{B2CBA185-4307-41FF-B9FF-481C1EED4A9E}.Release|Any CPU.Build.0 = Release|Any CPU
		{B2CBA185-4307-41FF-B9FF-481C1EED4A9E}.Release|ARM.ActiveCfg = Release|Any CPU
		{B2CBA185-4307-41FF-B9FF-481C1EED4A9E}.Release|ARM.Build.0 = Release|Any CPU
		{B2CBA185-4307-41FF-B9FF-481C1EED4A9E}.Release|x64.ActiveCfg = Release|Any CPU
		{B2CBA185-4307-41FF-B9FF-481C1EED4A9E}.Release|x64.Build.0 = Release|Any CPU
		{B2CBA185-4307-41FF-B9FF-481C1EED4A9E}.Release|x86.ActiveCfg = Release|Any CPU
		{B2CBA185-4307-41FF-B9FF-481C1EED4A9E}.Release|x86.Build.0 = Release|Any CPU
		{A22202D3-360E-44E8-B0D4-604906855FF8}.Debug|Any CPU.ActiveCfg = Debug|Any CPU
		{A22202D3-360E-44E8-B0D4-604906855FF8}.Debug|Any CPU.Build.0 = Debug|Any CPU
		{A22202D3-360E-44E8-B0D4-604906855FF8}.Debug|ARM.ActiveCfg = Debug|Any CPU
		{A22202D3-360E-44E8-B0D4-604906855FF8}.Debug|ARM.Build.0 = Debug|Any CPU
		{A22202D3-360E-44E8-B0D4-604906855FF8}.Debug|x64.ActiveCfg = Debug|Any CPU
		{A22202D3-360E-44E8-B0D4-604906855FF8}.Debug|x64.Build.0 = Debug|Any CPU
		{A22202D3-360E-44E8-B0D4-604906855FF8}.Debug|x86.ActiveCfg = Debug|Any CPU
		{A22202D3-360E-44E8-B0D4-604906855FF8}.Debug|x86.Build.0 = Debug|Any CPU
		{A22202D3-360E-44E8-B0D4-604906855FF8}.Release|Any CPU.ActiveCfg = Release|Any CPU
		{A22202D3-360E-44E8-B0D4-604906855FF8}.Release|Any CPU.Build.0 = Release|Any CPU
		{A22202D3-360E-44E8-B0D4-604906855FF8}.Release|ARM.ActiveCfg = Release|Any CPU
		{A22202D3-360E-44E8-B0D4-604906855FF8}.Release|ARM.Build.0 = Release|Any CPU
		{A22202D3-360E-44E8-B0D4-604906855FF8}.Release|x64.ActiveCfg = Release|Any CPU
		{A22202D3-360E-44E8-B0D4-604906855FF8}.Release|x64.Build.0 = Release|Any CPU
		{A22202D3-360E-44E8-B0D4-604906855FF8}.Release|x86.ActiveCfg = Release|Any CPU
		{A22202D3-360E-44E8-B0D4-604906855FF8}.Release|x86.Build.0 = Release|Any CPU
		{1989C932-DB4E-4F75-A7F6-A453E10024F8}.Debug|Any CPU.ActiveCfg = Debug|Any CPU
		{1989C932-DB4E-4F75-A7F6-A453E10024F8}.Debug|Any CPU.Build.0 = Debug|Any CPU
		{1989C932-DB4E-4F75-A7F6-A453E10024F8}.Debug|ARM.ActiveCfg = Debug|Any CPU
		{1989C932-DB4E-4F75-A7F6-A453E10024F8}.Debug|ARM.Build.0 = Debug|Any CPU
		{1989C932-DB4E-4F75-A7F6-A453E10024F8}.Debug|x64.ActiveCfg = Debug|Any CPU
		{1989C932-DB4E-4F75-A7F6-A453E10024F8}.Debug|x64.Build.0 = Debug|Any CPU
		{1989C932-DB4E-4F75-A7F6-A453E10024F8}.Debug|x86.ActiveCfg = Debug|Any CPU
		{1989C932-DB4E-4F75-A7F6-A453E10024F8}.Debug|x86.Build.0 = Debug|Any CPU
		{1989C932-DB4E-4F75-A7F6-A453E10024F8}.Release|Any CPU.ActiveCfg = Release|Any CPU
		{1989C932-DB4E-4F75-A7F6-A453E10024F8}.Release|Any CPU.Build.0 = Release|Any CPU
		{1989C932-DB4E-4F75-A7F6-A453E10024F8}.Release|ARM.ActiveCfg = Release|Any CPU
		{1989C932-DB4E-4F75-A7F6-A453E10024F8}.Release|ARM.Build.0 = Release|Any CPU
		{1989C932-DB4E-4F75-A7F6-A453E10024F8}.Release|x64.ActiveCfg = Release|Any CPU
		{1989C932-DB4E-4F75-A7F6-A453E10024F8}.Release|x64.Build.0 = Release|Any CPU
		{1989C932-DB4E-4F75-A7F6-A453E10024F8}.Release|x86.ActiveCfg = Release|Any CPU
		{1989C932-DB4E-4F75-A7F6-A453E10024F8}.Release|x86.Build.0 = Release|Any CPU
	EndGlobalSection
	GlobalSection(SolutionProperties) = preSolution
		HideSolutionNode = FALSE
	EndGlobalSection
	GlobalSection(NestedProjects) = preSolution
		{F2C55EC9-3A7C-4F78-9376-254A26F9D118} = {8D306C4D-ED47-4346-BCA1-AF38A7D22C91}
		{A22202D3-360E-44E8-B0D4-604906855FF8} = {8D306C4D-ED47-4346-BCA1-AF38A7D22C91}
		{1989C932-DB4E-4F75-A7F6-A453E10024F8} = {8D306C4D-ED47-4346-BCA1-AF38A7D22C91}
	EndGlobalSection
EndGlobal
